
Microsoft Visual Studio Solution File, Format Version 12.00
# 
Project("{FAE04EC0-301F-11D3-BF4B-00C04F79EFBC}") = "sysmon", "sysmon\sysmon.csproj", "{2D530F24-B6E7-459A-B271-DB504C41DD4C}"
EndProject
Global
	GlobalSection(SolutionConfigurationPlatforms) = preSolution
		Debug|Any CPU = Debug|Any CPU
		Release|Any CPU = Release|Any CPU
	EndGlobalSection
	GlobalSection(ProjectConfigurationPlatforms) = postSolution
		{2D530F24-B6E7-459A-B271-DB504C41DD4C}.Debug|Any CPU.ActiveCfg = Debug|Any CPU
		{2D530F24-B6E7-459A-B271-DB504C41DD4C}.Debug|Any CPU.Build.0 = Debug|Any CPU
		{2D530F24-B6E7-459A-B271-DB504C41DD4C}.Release|Any CPU.ActiveCfg = Release|Any CPU
		{2D530F24-B6E7-459A-B271-DB504C41DD4C}.Release|Any CPU.Build.0 = Release|Any CPU
	EndGlobalSection
EndGlobal
